
Microsoft Visual Studio Solution File, Format Version 12.00
# Visual Studio Version 17
VisualStudioVersion = 17.1.32414.318
MinimumVisualStudioVersion = 10.0.40219.1
Project("{9A19103F-16F7-4668-BE54-9A1E7A4F7556}") = "BulkyBookWeb", "BulkyBookWeb\BulkyBookWeb.csproj", "{249277AE-4A2D-4712-8A01-1AD8F5CB45C9}"
EndProject
Project("{FAE04EC0-301F-11D3-BF4B-00C04F79EFBC}") = "BulkyBook.Models", "BulkyBook.Models\BulkyBook.Models.csproj", "{5DC2D14A-24BE-4789-A4EB-166223005E3B}"
EndProject
Project("{FAE04EC0-301F-11D3-BF4B-00C04F79EFBC}") = "BulkyBook.DataAccessLayer", "BulkyBook.DataAccessLayer\BulkyBook.DataAccessLayer.csproj", "{6A2E326A-AFC2-4109-81B1-46C0FD24E0B9}"
EndProject
Project("{FAE04EC0-301F-11D3-BF4B-00C04F79EFBC}") = "BulkyBook.Utilities", "BulkyBook.Utilities\BulkyBook.Utilities.csproj", "{DC885B9F-0B41-4EEC-B4CC-D060F5E75E27}"
EndProject
Global
	GlobalSection(SolutionConfigurationPlatforms) = preSolution
		Debug|Any CPU = Debug|Any CPU
		Release|Any CPU = Release|Any CPU
	EndGlobalSection
	GlobalSection(ProjectConfigurationPlatforms) = postSolution
		{249277AE-4A2D-4712-8A01-1AD8F5CB45C9}.Debug|Any CPU.ActiveCfg = Debug|Any CPU
		{249277AE-4A2D-4712-8A01-1AD8F5CB45C9}.Debug|Any CPU.Build.0 = Debug|Any CPU
		{249277AE-4A2D-4712-8A01-1AD8F5CB45C9}.Release|Any CPU.ActiveCfg = Release|Any CPU
		{249277AE-4A2D-4712-8A01-1AD8F5CB45C9}.Release|Any CPU.Build.0 = Release|Any CPU
		{5DC2D14A-24BE-4789-A4EB-166223005E3B}.Debug|Any CPU.ActiveCfg = Debug|Any CPU
		{5DC2D14A-24BE-4789-A4EB-166223005E3B}.Debug|Any CPU.Build.0 = Debug|Any CPU
		{5DC2D14A-24BE-4789-A4EB-166223005E3B}.Release|Any CPU.ActiveCfg = Release|Any CPU
		{5DC2D14A-24BE-4789-A4EB-166223005E3B}.Release|Any CPU.Build.0 = Release|Any CPU
		{6A2E326A-AFC2-4109-81B1-46C0FD24E0B9}.Debug|Any CPU.ActiveCfg = Debug|Any CPU
		{6A2E326A-AFC2-4109-81B1-46C0FD24E0B9}.Debug|Any CPU.Build.0 = Debug|Any CPU
		{6A2E326A-AFC2-4109-81B1-46C0FD24E0B9}.Release|Any CPU.ActiveCfg = Release|Any CPU
		{6A2E326A-AFC2-4109-81B1-46C0FD24E0B9}.Release|Any CPU.Build.0 = Release|Any CPU
		{DC885B9F-0B41-4EEC-B4CC-D060F5E75E27}.Debug|Any CPU.ActiveCfg = Debug|Any CPU
		{DC885B9F-0B41-4EEC-B4CC-D060F5E75E27}.Debug|Any CPU.Build.0 = Debug|Any CPU
		{DC885B9F-0B41-4EEC-B4CC-D060F5E75E27}.Release|Any CPU.ActiveCfg = Release|Any CPU
		{DC885B9F-0B41-4EEC-B4CC-D060F5E75E27}.Release|Any CPU.Build.0 = Release|Any CPU
	EndGlobalSection
	GlobalSection(SolutionProperties) = preSolution
		HideSolutionNode = FALSE
	EndGlobalSection
	GlobalSection(ExtensibilityGlobals) = postSolution
		SolutionGuid = {39590082-9124-4FB2-BD4E-ACED88FFCEF2}
	EndGlobalSection
EndGlobal
